
Microsoft Visual Studio Solution File, Format Version 12.00
# Visual Studio Version 17
VisualStudioVersion = 17.0.31919.166
MinimumVisualStudioVersion = 10.0.40219.1
Project("{8BC9CEB8-8B4A-11D0-8D11-00A0C91BC942}") = "SAOD_1_5_1", "SAOD_1_5_1\SAOD_1_5_1.vcxproj", "{0BB903F7-84BD-4887-A71B-B49975A285BD}"
EndProject
Global
	GlobalSection(SolutionConfigurationPlatforms) = preSolution
		Debug|x64 = Debug|x64
		Debug|x86 = Debug|x86
		Release|x64 = Release|x64
		Release|x86 = Release|x86
	EndGlobalSection
	GlobalSection(ProjectConfigurationPlatforms) = postSolution
		{0BB903F7-84BD-4887-A71B-B49975A285BD}.Debug|x64.ActiveCfg = Debug|x64
		{0BB903F7-84BD-4887-A71B-B49975A285BD}.Debug|x64.Build.0 = Debug|x64
		{0BB903F7-84BD-4887-A71B-B49975A285BD}.Debug|x86.ActiveCfg = Debug|Win32
		{0BB903F7-84BD-4887-A71B-B49975A285BD}.Debug|x86.Build.0 = Debug|Win32
		{0BB903F7-84BD-4887-A71B-B49975A285BD}.Release|x64.ActiveCfg = Release|x64
		{0BB903F7-84BD-4887-A71B-B49975A285BD}.Release|x64.Build.0 = Release|x64
		{0BB903F7-84BD-4887-A71B-B49975A285BD}.Release|x86.ActiveCfg = Release|Win32
		{0BB903F7-84BD-4887-A71B-B49975A285BD}.Release|x86.Build.0 = Release|Win32
	EndGlobalSection
	GlobalSection(SolutionProperties) = preSolution
		HideSolutionNode = FALSE
	EndGlobalSection
	GlobalSection(ExtensibilityGlobals) = postSolution
		SolutionGuid = {50C6A6F0-DEB6-4E91-AFA5-2C2D8755FAE2}
	EndGlobalSection
EndGlobal
